// !$*UTF8*$!
{
	archiveVersion = 1;
	classes = {
	};
	objectVersion = 46;
	objects = {

/* Begin PBXBuildFile section */
		7904EBAF158A5D0800C9A122 /* Foundation.framework in Frameworks */ = {isa = PBXBuildFile; fileRef = 7904EBAE158A5D0800C9A122 /* Foundation.framework */; };
		7904EBB1158A5D0800C9A122 /* UIKit.framework in Frameworks */ = {isa = PBXBuildFile; fileRef = 7904EBB0158A5D0800C9A122 /* UIKit.framework */; };
		7904EBB3158A5D0800C9A122 /* CoreGraphics.framework in Frameworks */ = {isa = PBXBuildFile; fileRef = 7904EBB2158A5D0800C9A122 /* CoreGraphics.framework */; };
		7904EBB5158A5D0800C9A122 /* AddressBook.framework in Frameworks */ = {isa = PBXBuildFile; fileRef = 7904EBB4158A5D0800C9A122 /* AddressBook.framework */; };
		7904EBB7158A5D0800C9A122 /* AddressBookUI.framework in Frameworks */ = {isa = PBXBuildFile; fileRef = 7904EBB6158A5D0800C9A122 /* AddressBookUI.framework */; };
		7904EBB9158A5D0800C9A122 /* AudioToolbox.framework in Frameworks */ = {isa = PBXBuildFile; fileRef = 7904EBB8158A5D0800C9A122 /* AudioToolbox.framework */; };
		7904EBBB158A5D0800C9A122 /* AVFoundation.framework in Frameworks */ = {isa = PBXBuildFile; fileRef = 7904EBBA158A5D0800C9A122 /* AVFoundation.framework */; };
		7904EBBD158A5D0800C9A122 /* CoreLocation.framework in Frameworks */ = {isa = PBXBuildFile; fileRef = 7904EBBC158A5D0800C9A122 /* CoreLocation.framework */; };
		7904EBBF158A5D0800C9A122 /* MediaPlayer.framework in Frameworks */ = {isa = PBXBuildFile; fileRef = 7904EBBE158A5D0800C9A122 /* MediaPlayer.framework */; };
		7904EBC1158A5D0800C9A122 /* QuartzCore.framework in Frameworks */ = {isa = PBXBuildFile; fileRef = 7904EBC0158A5D0800C9A122 /* QuartzCore.framework */; };
		7904EBC3158A5D0800C9A122 /* SystemConfiguration.framework in Frameworks */ = {isa = PBXBuildFile; fileRef = 7904EBC2158A5D0800C9A122 /* SystemConfiguration.framework */; };
		7904EBC5158A5D0800C9A122 /* MobileCoreServices.framework in Frameworks */ = {isa = PBXBuildFile; fileRef = 7904EBC4158A5D0800C9A122 /* MobileCoreServices.framework */; };
		7904EBC7158A5D0800C9A122 /* CoreMedia.framework in Frameworks */ = {isa = PBXBuildFile; fileRef = 7904EBC6158A5D0800C9A122 /* CoreMedia.framework */; };
		7904EBCD158A5D0800C9A122 /* InfoPlist.strings in Resources */ = {isa = PBXBuildFile; fileRef = 7904EBCB158A5D0800C9A122 /* InfoPlist.strings */; };
		7904EBCF158A5D0800C9A122 /* main.m in Sources */ = {isa = PBXBuildFile; fileRef = 7904EBCE158A5D0800C9A122 /* main.m */; };
		7904EBD2158A5D0800C9A122 /* Cordova.framework in Frameworks */ = {isa = PBXBuildFile; fileRef = 7904EBD1158A5D0800C9A122 /* Cordova.framework */; };
		7904EBD7158A5D0800C9A122 /* Localizable.strings in Resources */ = {isa = PBXBuildFile; fileRef = 7904EBD5158A5D0800C9A122 /* Localizable.strings */; };
		7904EBDB158A5D0800C9A122 /* Localizable.strings in Resources */ = {isa = PBXBuildFile; fileRef = 7904EBD9158A5D0800C9A122 /* Localizable.strings */; };
		7904EBDF158A5D0800C9A122 /* Localizable.strings in Resources */ = {isa = PBXBuildFile; fileRef = 7904EBDD158A5D0800C9A122 /* Localizable.strings */; };
		7904EBE3158A5D0800C9A122 /* Localizable.strings in Resources */ = {isa = PBXBuildFile; fileRef = 7904EBE1158A5D0800C9A122 /* Localizable.strings */; };
		7904EBE6158A5D0800C9A122 /* icon.png in Resources */ = {isa = PBXBuildFile; fileRef = 7904EBE5158A5D0800C9A122 /* icon.png */; };
		7904EBE8158A5D0800C9A122 /* icon@2x.png in Resources */ = {isa = PBXBuildFile; fileRef = 7904EBE7158A5D0800C9A122 /* icon@2x.png */; };
		7904EBEA158A5D0800C9A122 /* icon-72.png in Resources */ = {isa = PBXBuildFile; fileRef = 7904EBE9158A5D0800C9A122 /* icon-72.png */; };
		7904EBED158A5D0800C9A122 /* Default~iphone.png in Resources */ = {isa = PBXBuildFile; fileRef = 7904EBEC158A5D0800C9A122 /* Default~iphone.png */; };
		7904EBEF158A5D0800C9A122 /* Default@2x~iphone.png in Resources */ = {isa = PBXBuildFile; fileRef = 7904EBEE158A5D0800C9A122 /* Default@2x~iphone.png */; };
		7904EBF1158A5D0800C9A122 /* Capture.bundle in Resources */ = {isa = PBXBuildFile; fileRef = 7904EBF0158A5D0800C9A122 /* Capture.bundle */; };
		7904EBF3158A5D0800C9A122 /* Cordova.plist in Resources */ = {isa = PBXBuildFile; fileRef = 7904EBF2158A5D0800C9A122 /* Cordova.plist */; };
		7904EBF7158A5D0800C9A122 /* AppDelegate.m in Sources */ = {isa = PBXBuildFile; fileRef = 7904EBF6158A5D0800C9A122 /* AppDelegate.m */; };
		7904EBFA158A5D0800C9A122 /* MainViewController.m in Sources */ = {isa = PBXBuildFile; fileRef = 7904EBF9158A5D0800C9A122 /* MainViewController.m */; };
		7904EBFC158A5D0800C9A122 /* MainViewController.xib in Resources */ = {isa = PBXBuildFile; fileRef = 7904EBFB158A5D0800C9A122 /* MainViewController.xib */; };
		7904EC0A158B93AF00C9A122 /* www in Resources */ = {isa = PBXBuildFile; fileRef = 7904EC09158B93AF00C9A122 /* www */; };
/* End PBXBuildFile section */

/* Begin PBXFileReference section */
		7904EBAA158A5D0800C9A122 /* ScrollTest.app */ = {isa = PBXFileReference; explicitFileType = wrapper.application; includeInIndex = 0; path = ScrollTest.app; sourceTree = BUILT_PRODUCTS_DIR; };
		7904EBAE158A5D0800C9A122 /* Foundation.framework */ = {isa = PBXFileReference; lastKnownFileType = wrapper.framework; name = Foundation.framework; path = System/Library/Frameworks/Foundation.framework; sourceTree = SDKROOT; };
		7904EBB0158A5D0800C9A122 /* UIKit.framework */ = {isa = PBXFileReference; lastKnownFileType = wrapper.framework; name = UIKit.framework; path = System/Library/Frameworks/UIKit.framework; sourceTree = SDKROOT; };
		7904EBB2158A5D0800C9A122 /* CoreGraphics.framework */ = {isa = PBXFileReference; lastKnownFileType = wrapper.framework; name = CoreGraphics.framework; path = System/Library/Frameworks/CoreGraphics.framework; sourceTree = SDKROOT; };
		7904EBB4158A5D0800C9A122 /* AddressBook.framework */ = {isa = PBXFileReference; lastKnownFileType = wrapper.framework; name = AddressBook.framework; path = System/Library/Frameworks/AddressBook.framework; sourceTree = SDKROOT; };
		7904EBB6158A5D0800C9A122 /* AddressBookUI.framework */ = {isa = PBXFileReference; lastKnownFileType = wrapper.framework; name = AddressBookUI.framework; path = System/Library/Frameworks/AddressBookUI.framework; sourceTree = SDKROOT; };
		7904EBB8158A5D0800C9A122 /* AudioToolbox.framework */ = {isa = PBXFileReference; lastKnownFileType = wrapper.framework; name = AudioToolbox.framework; path = System/Library/Frameworks/AudioToolbox.framework; sourceTree = SDKROOT; };
		7904EBBA158A5D0800C9A122 /* AVFoundation.framework */ = {isa = PBXFileReference; lastKnownFileType = wrapper.framework; name = AVFoundation.framework; path = System/Library/Frameworks/AVFoundation.framework; sourceTree = SDKROOT; };
		7904EBBC158A5D0800C9A122 /* CoreLocation.framework */ = {isa = PBXFileReference; lastKnownFileType = wrapper.framework; name = CoreLocation.framework; path = System/Library/Frameworks/CoreLocation.framework; sourceTree = SDKROOT; };
		7904EBBE158A5D0800C9A122 /* MediaPlayer.framework */ = {isa = PBXFileReference; lastKnownFileType = wrapper.framework; name = MediaPlayer.framework; path = System/Library/Frameworks/MediaPlayer.framework; sourceTree = SDKROOT; };
		7904EBC0158A5D0800C9A122 /* QuartzCore.framework */ = {isa = PBXFileReference; lastKnownFileType = wrapper.framework; name = QuartzCore.framework; path = System/Library/Frameworks/QuartzCore.framework; sourceTree = SDKROOT; };
		7904EBC2158A5D0800C9A122 /* SystemConfiguration.framework */ = {isa = PBXFileReference; lastKnownFileType = wrapper.framework; name = SystemConfiguration.framework; path = System/Library/Frameworks/SystemConfiguration.framework; sourceTree = SDKROOT; };
		7904EBC4158A5D0800C9A122 /* MobileCoreServices.framework */ = {isa = PBXFileReference; lastKnownFileType = wrapper.framework; name = MobileCoreServices.framework; path = System/Library/Frameworks/MobileCoreServices.framework; sourceTree = SDKROOT; };
		7904EBC6158A5D0800C9A122 /* CoreMedia.framework */ = {isa = PBXFileReference; lastKnownFileType = wrapper.framework; name = CoreMedia.framework; path = System/Library/Frameworks/CoreMedia.framework; sourceTree = SDKROOT; };
		7904EBCA158A5D0800C9A122 /* ScrollTest-Info.plist */ = {isa = PBXFileReference; lastKnownFileType = text.plist.xml; path = "ScrollTest-Info.plist"; sourceTree = "<group>"; };
		7904EBCC158A5D0800C9A122 /* en */ = {isa = PBXFileReference; lastKnownFileType = text.plist.strings; name = en; path = en.lproj/InfoPlist.strings; sourceTree = "<group>"; };
		7904EBCE158A5D0800C9A122 /* main.m */ = {isa = PBXFileReference; lastKnownFileType = sourcecode.c.objc; path = main.m; sourceTree = "<group>"; };
		7904EBD0158A5D0800C9A122 /* ScrollTest-Prefix.pch */ = {isa = PBXFileReference; lastKnownFileType = sourcecode.c.h; path = "ScrollTest-Prefix.pch"; sourceTree = "<group>"; };
		7904EBD1158A5D0800C9A122 /* Cordova.framework */ = {isa = PBXFileReference; lastKnownFileType = wrapper.framework; name = Cordova.framework; path = /Users/Shared/Cordova/Frameworks/Cordova.framework; sourceTree = "<absolute>"; };
		7904EBD6158A5D0800C9A122 /* en */ = {isa = PBXFileReference; lastKnownFileType = text.plist.strings; name = en; path = Resources/en.lproj/Localizable.strings; sourceTree = "<group>"; };
		7904EBDA158A5D0800C9A122 /* es */ = {isa = PBXFileReference; lastKnownFileType = text.plist.strings; name = es; path = Resources/es.lproj/Localizable.strings; sourceTree = "<group>"; };
		7904EBDE158A5D0800C9A122 /* de */ = {isa = PBXFileReference; lastKnownFileType = text.plist.strings; name = de; path = Resources/de.lproj/Localizable.strings; sourceTree = "<group>"; };
		7904EBE2158A5D0800C9A122 /* se */ = {isa = PBXFileReference; lastKnownFileType = text.plist.strings; name = se; path = Resources/se.lproj/Localizable.strings; sourceTree = "<group>"; };
		7904EBE5158A5D0800C9A122 /* icon.png */ = {isa = PBXFileReference; lastKnownFileType = image.png; name = icon.png; path = Resources/icons/icon.png; sourceTree = "<group>"; };
		7904EBE7158A5D0800C9A122 /* icon@2x.png */ = {isa = PBXFileReference; lastKnownFileType = image.png; name = "icon@2x.png"; path = "Resources/icons/icon@2x.png"; sourceTree = "<group>"; };
		7904EBE9158A5D0800C9A122 /* icon-72.png */ = {isa = PBXFileReference; lastKnownFileType = image.png; name = "icon-72.png"; path = "Resources/icons/icon-72.png"; sourceTree = "<group>"; };
		7904EBEC158A5D0800C9A122 /* Default~iphone.png */ = {isa = PBXFileReference; lastKnownFileType = image.png; name = "Default~iphone.png"; path = "Resources/splash/Default~iphone.png"; sourceTree = "<group>"; };
		7904EBEE158A5D0800C9A122 /* Default@2x~iphone.png */ = {isa = PBXFileReference; lastKnownFileType = image.png; name = "Default@2x~iphone.png"; path = "Resources/splash/Default@2x~iphone.png"; sourceTree = "<group>"; };
		7904EBF0158A5D0800C9A122 /* Capture.bundle */ = {isa = PBXFileReference; lastKnownFileType = "wrapper.plug-in"; name = Capture.bundle; path = Resources/Capture.bundle; sourceTree = "<group>"; };
		7904EBF2158A5D0800C9A122 /* Cordova.plist */ = {isa = PBXFileReference; lastKnownFileType = text.plist.xml; path = Cordova.plist; sourceTree = "<group>"; };
		7904EBF5158A5D0800C9A122 /* AppDelegate.h */ = {isa = PBXFileReference; lastKnownFileType = sourcecode.c.h; name = AppDelegate.h; path = Classes/AppDelegate.h; sourceTree = "<group>"; };
		7904EBF6158A5D0800C9A122 /* AppDelegate.m */ = {isa = PBXFileReference; lastKnownFileType = sourcecode.c.objc; name = AppDelegate.m; path = Classes/AppDelegate.m; sourceTree = "<group>"; };
		7904EBF8158A5D0800C9A122 /* MainViewController.h */ = {isa = PBXFileReference; lastKnownFileType = sourcecode.c.h; name = MainViewController.h; path = Classes/MainViewController.h; sourceTree = "<group>"; };
		7904EBF9158A5D0800C9A122 /* MainViewController.m */ = {isa = PBXFileReference; lastKnownFileType = sourcecode.c.objc; name = MainViewController.m; path = Classes/MainViewController.m; sourceTree = "<group>"; };
		7904EBFB158A5D0800C9A122 /* MainViewController.xib */ = {isa = PBXFileReference; lastKnownFileType = file.xib; name = MainViewController.xib; path = Classes/MainViewController.xib; sourceTree = "<group>"; };
		7904EBFE158A5D0800C9A122 /* README */ = {isa = PBXFileReference; lastKnownFileType = text; name = README; path = Plugins/README; sourceTree = "<group>"; };
		7904EBFF158A5D0800C9A122 /* verify.sh */ = {isa = PBXFileReference; lastKnownFileType = text.script.sh; path = verify.sh; sourceTree = "<group>"; };
		7904EC09158B93AF00C9A122 /* www */ = {isa = PBXFileReference; lastKnownFileType = folder; path = www; sourceTree = "<group>"; };
/* End PBXFileReference section */

/* Begin PBXFrameworksBuildPhase section */
		7904EBA4158A5D0800C9A122 /* Frameworks */ = {
			isa = PBXFrameworksBuildPhase;
			buildActionMask = 2147483647;
			files = (
				7904EBAF158A5D0800C9A122 /* Foundation.framework in Frameworks */,
				7904EBB1158A5D0800C9A122 /* UIKit.framework in Frameworks */,
				7904EBB3158A5D0800C9A122 /* CoreGraphics.framework in Frameworks */,
				7904EBB5158A5D0800C9A122 /* AddressBook.framework in Frameworks */,
				7904EBB7158A5D0800C9A122 /* AddressBookUI.framework in Frameworks */,
				7904EBB9158A5D0800C9A122 /* AudioToolbox.framework in Frameworks */,
				7904EBBB158A5D0800C9A122 /* AVFoundation.framework in Frameworks */,
				7904EBBD158A5D0800C9A122 /* CoreLocation.framework in Frameworks */,
				7904EBBF158A5D0800C9A122 /* MediaPlayer.framework in Frameworks */,
				7904EBC1158A5D0800C9A122 /* QuartzCore.framework in Frameworks */,
				7904EBC3158A5D0800C9A122 /* SystemConfiguration.framework in Frameworks */,
				7904EBC5158A5D0800C9A122 /* MobileCoreServices.framework in Frameworks */,
				7904EBC7158A5D0800C9A122 /* CoreMedia.framework in Frameworks */,
				7904EBD2158A5D0800C9A122 /* Cordova.framework in Frameworks */,
			);
			runOnlyForDeploymentPostprocessing = 0;
		};
		7904EBA7158A5D0800C9A122 /* Frameworks */ = {
			isa = PBXFrameworksBuildPhase;
			buildActionMask = 2147483647;
			files = (
			);
			runOnlyForDeploymentPostprocessing = 0;
		};
/* End PBXFrameworksBuildPhase section */

/* Begin PBXGroup section */
		7904EB9C158A5D0700C9A122 = {
			isa = PBXGroup;
			children = (
				7904EC09158B93AF00C9A122 /* www */,
				7904EBC8158A5D0800C9A122 /* ScrollTest */,
				7904EBAD158A5D0800C9A122 /* Frameworks */,
				7904EBAB158A5D0800C9A122 /* Products */,
			);
			sourceTree = "<group>";
		};
		7904EBAB158A5D0800C9A122 /* Products */ = {
			isa = PBXGroup;
			children = (
				7904EBAA158A5D0800C9A122 /* ScrollTest.app */,
			);
			name = Products;
			sourceTree = "<group>";
		};
		7904EBAD158A5D0800C9A122 /* Frameworks */ = {
			isa = PBXGroup;
			children = (
				7904EBAE158A5D0800C9A122 /* Foundation.framework */,
				7904EBB0158A5D0800C9A122 /* UIKit.framework */,
				7904EBB2158A5D0800C9A122 /* CoreGraphics.framework */,
				7904EBB4158A5D0800C9A122 /* AddressBook.framework */,
				7904EBB6158A5D0800C9A122 /* AddressBookUI.framework */,
				7904EBB8158A5D0800C9A122 /* AudioToolbox.framework */,
				7904EBBA158A5D0800C9A122 /* AVFoundation.framework */,
				7904EBBC158A5D0800C9A122 /* CoreLocation.framework */,
				7904EBBE158A5D0800C9A122 /* MediaPlayer.framework */,
				7904EBC0158A5D0800C9A122 /* QuartzCore.framework */,
				7904EBC2158A5D0800C9A122 /* SystemConfiguration.framework */,
				7904EBC4158A5D0800C9A122 /* MobileCoreServices.framework */,
				7904EBC6158A5D0800C9A122 /* CoreMedia.framework */,
			);
			name = Frameworks;
			sourceTree = "<group>";
		};
		7904EBC8158A5D0800C9A122 /* ScrollTest */ = {
			isa = PBXGroup;
			children = (
				7904EBD1158A5D0800C9A122 /* Cordova.framework */,
				7904EBD3158A5D0800C9A122 /* Resources */,
				7904EBF4158A5D0800C9A122 /* Classes */,
				7904EBFD158A5D0800C9A122 /* Plugins */,
				7904EBC9158A5D0800C9A122 /* Supporting Files */,
			);
			path = ScrollTest;
			sourceTree = "<group>";
		};
		7904EBC9158A5D0800C9A122 /* Supporting Files */ = {
			isa = PBXGroup;
			children = (
				7904EBCA158A5D0800C9A122 /* ScrollTest-Info.plist */,
				7904EBCB158A5D0800C9A122 /* InfoPlist.strings */,
				7904EBCE158A5D0800C9A122 /* main.m */,
				7904EBD0158A5D0800C9A122 /* ScrollTest-Prefix.pch */,
				7904EBF2158A5D0800C9A122 /* Cordova.plist */,
				7904EBFB158A5D0800C9A122 /* MainViewController.xib */,
				7904EBFF158A5D0800C9A122 /* verify.sh */,
			);
			name = "Supporting Files";
			sourceTree = "<group>";
		};
		7904EBD3158A5D0800C9A122 /* Resources */ = {
			isa = PBXGroup;
			children = (
				7904EBF0158A5D0800C9A122 /* Capture.bundle */,
				7904EBD4158A5D0800C9A122 /* en.lproj */,
				7904EBD8158A5D0800C9A122 /* es.lproj */,
				7904EBDC158A5D0800C9A122 /* de.lproj */,
				7904EBE0158A5D0800C9A122 /* se.lproj */,
				7904EBE4158A5D0800C9A122 /* icons */,
				7904EBEB158A5D0800C9A122 /* splash */,
			);
			name = Resources;
			sourceTree = "<group>";
		};
		7904EBD4158A5D0800C9A122 /* en.lproj */ = {
			isa = PBXGroup;
			children = (
				7904EBD5158A5D0800C9A122 /* Localizable.strings */,
			);
			name = en.lproj;
			sourceTree = "<group>";
		};
		7904EBD8158A5D0800C9A122 /* es.lproj */ = {
			isa = PBXGroup;
			children = (
				7904EBD9158A5D0800C9A122 /* Localizable.strings */,
			);
			name = es.lproj;
			sourceTree = "<group>";
		};
		7904EBDC158A5D0800C9A122 /* de.lproj */ = {
			isa = PBXGroup;
			children = (
				7904EBDD158A5D0800C9A122 /* Localizable.strings */,
			);
			name = de.lproj;
			sourceTree = "<group>";
		};
		7904EBE0158A5D0800C9A122 /* se.lproj */ = {
			isa = PBXGroup;
			children = (
				7904EBE1158A5D0800C9A122 /* Localizable.strings */,
			);
			name = se.lproj;
			sourceTree = "<group>";
		};
		7904EBE4158A5D0800C9A122 /* icons */ = {
			isa = PBXGroup;
			children = (
				7904EBE5158A5D0800C9A122 /* icon.png */,
				7904EBE7158A5D0800C9A122 /* icon@2x.png */,
				7904EBE9158A5D0800C9A122 /* icon-72.png */,
			);
			name = icons;
			sourceTree = "<group>";
		};
		7904EBEB158A5D0800C9A122 /* splash */ = {
			isa = PBXGroup;
			children = (
				7904EBEC158A5D0800C9A122 /* Default~iphone.png */,
				7904EBEE158A5D0800C9A122 /* Default@2x~iphone.png */,
			);
			name = splash;
			sourceTree = "<group>";
		};
		7904EBF4158A5D0800C9A122 /* Classes */ = {
			isa = PBXGroup;
			children = (
				7904EBF5158A5D0800C9A122 /* AppDelegate.h */,
				7904EBF6158A5D0800C9A122 /* AppDelegate.m */,
				7904EBF8158A5D0800C9A122 /* MainViewController.h */,
				7904EBF9158A5D0800C9A122 /* MainViewController.m */,
			);
			name = Classes;
			sourceTree = "<group>";
		};
		7904EBFD158A5D0800C9A122 /* Plugins */ = {
			isa = PBXGroup;
			children = (
				7904EBFE158A5D0800C9A122 /* README */,
			);
			name = Plugins;
			sourceTree = "<group>";
		};
/* End PBXGroup section */

/* Begin PBXNativeTarget section */
		7904EBA9158A5D0800C9A122 /* ScrollTest */ = {
			isa = PBXNativeTarget;
			buildConfigurationList = 7904EC02158A5D0800C9A122 /* Build configuration list for PBXNativeTarget "ScrollTest" */;
			buildPhases = (
				7904EBA3158A5D0800C9A122 /* Sources */,
				7904EBA4158A5D0800C9A122 /* Frameworks */,
				7904EBA5158A5D0800C9A122 /* Resources */,
				7904EBA6158A5D0800C9A122 /* Sources */,
				7904EBA7158A5D0800C9A122 /* Frameworks */,
				7904EBA8158A5D0800C9A122 /* ShellScript */,
			);
			buildRules = (
			);
			dependencies = (
			);
			name = ScrollTest;
			productName = ScrollTest;
			productReference = 7904EBAA158A5D0800C9A122 /* ScrollTest.app */;
			productType = "com.apple.product-type.application";
		};
/* End PBXNativeTarget section */

/* Begin PBXProject section */
		7904EB9E158A5D0700C9A122 /* Project object */ = {
			isa = PBXProject;
			attributes = {
				LastUpgradeCheck = 0430;
				ORGANIZATIONNAME = "Digital Mammouth";
			};
			buildConfigurationList = 7904EBA1158A5D0700C9A122 /* Build configuration list for PBXProject "ScrollTest" */;
			compatibilityVersion = "Xcode 3.2";
			developmentRegion = English;
			hasScannedForEncodings = 0;
			knownRegions = (
				en,
				es,
				de,
				se,
			);
			mainGroup = 7904EB9C158A5D0700C9A122;
			productRefGroup = 7904EBAB158A5D0800C9A122 /* Products */;
			projectDirPath = "";
			projectRoot = "";
			targets = (
				7904EBA9158A5D0800C9A122 /* ScrollTest */,
			);
		};
/* End PBXProject section */

/* Begin PBXResourcesBuildPhase section */
		7904EBA5158A5D0800C9A122 /* Resources */ = {
			isa = PBXResourcesBuildPhase;
			buildActionMask = 2147483647;
			files = (
				7904EBCD158A5D0800C9A122 /* InfoPlist.strings in Resources */,
				7904EBD7158A5D0800C9A122 /* Localizable.strings in Resources */,
				7904EBDB158A5D0800C9A122 /* Localizable.strings in Resources */,
				7904EBDF158A5D0800C9A122 /* Localizable.strings in Resources */,
				7904EBE3158A5D0800C9A122 /* Localizable.strings in Resources */,
				7904EBE6158A5D0800C9A122 /* icon.png in Resources */,
				7904EBE8158A5D0800C9A122 /* icon@2x.png in Resources */,
				7904EBEA158A5D0800C9A122 /* icon-72.png in Resources */,
				7904EBED158A5D0800C9A122 /* Default~iphone.png in Resources */,
				7904EBEF158A5D0800C9A122 /* Default@2x~iphone.png in Resources */,
				7904EBF1158A5D0800C9A122 /* Capture.bundle in Resources */,
				7904EBF3158A5D0800C9A122 /* Cordova.plist in Resources */,
				7904EBFC158A5D0800C9A122 /* MainViewController.xib in Resources */,
				7904EC0A158B93AF00C9A122 /* www in Resources */,
			);
			runOnlyForDeploymentPostprocessing = 0;
		};
/* End PBXResourcesBuildPhase section */

/* Begin PBXShellScriptBuildPhase section */
		7904EBA8158A5D0800C9A122 /* ShellScript */ = {
			isa = PBXShellScriptBuildPhase;
			buildActionMask = 2147483647;
			files = (
			);
			inputPaths = (
			);
			outputPaths = (
			);
			runOnlyForDeploymentPostprocessing = 0;
			shellPath = /bin/bash;
			shellScript = "\n\t\t\t\t\t\t\t\tchmod 755 \"$PROJECT_DIR/$PROJECT_NAME/verify.sh\"\n\t\t\t\t\t\t\t\t\"$PROJECT_DIR/$PROJECT_NAME/verify.sh\"\n\t\t\t\t\t";
		};
/* End PBXShellScriptBuildPhase section */

/* Begin PBXSourcesBuildPhase section */
		7904EBA3158A5D0800C9A122 /* Sources */ = {
			isa = PBXSourcesBuildPhase;
			buildActionMask = 2147483647;
			files = (
				7904EBCF158A5D0800C9A122 /* main.m in Sources */,
				7904EBF7158A5D0800C9A122 /* AppDelegate.m in Sources */,
				7904EBFA158A5D0800C9A122 /* MainViewController.m in Sources */,
			);
			runOnlyForDeploymentPostprocessing = 0;
		};
		7904EBA6158A5D0800C9A122 /* Sources */ = {
			isa = PBXSourcesBuildPhase;
			buildActionMask = 2147483647;
			files = (
			);
			runOnlyForDeploymentPostprocessing = 0;
		};
/* End PBXSourcesBuildPhase section */

/* Begin PBXVariantGroup section */
		7904EBCB158A5D0800C9A122 /* InfoPlist.strings */ = {
			isa = PBXVariantGroup;
			children = (
				7904EBCC158A5D0800C9A122 /* en */,
			);
			name = InfoPlist.strings;
			sourceTree = "<group>";
		};
		7904EBD5158A5D0800C9A122 /* Localizable.strings */ = {
			isa = PBXVariantGroup;
			children = (
				7904EBD6158A5D0800C9A122 /* en */,
			);
			name = Localizable.strings;
			sourceTree = "<group>";
		};
		7904EBD9158A5D0800C9A122 /* Localizable.strings */ = {
			isa = PBXVariantGroup;
			children = (
				7904EBDA158A5D0800C9A122 /* es */,
			);
			name = Localizable.strings;
			sourceTree = "<group>";
		};
		7904EBDD158A5D0800C9A122 /* Localizable.strings */ = {
			isa = PBXVariantGroup;
			children = (
				7904EBDE158A5D0800C9A122 /* de */,
			);
			name = Localizable.strings;
			sourceTree = "<group>";
		};
		7904EBE1158A5D0800C9A122 /* Localizable.strings */ = {
			isa = PBXVariantGroup;
			children = (
				7904EBE2158A5D0800C9A122 /* se */,
			);
			name = Localizable.strings;
			sourceTree = "<group>";
		};
/* End PBXVariantGroup section */

/* Begin XCBuildConfiguration section */
		7904EC00158A5D0800C9A122 /* Debug */ = {
			isa = XCBuildConfiguration;
			buildSettings = {
				ALWAYS_SEARCH_USER_PATHS = NO;
				ARCHS = (
					armv6,
					"$(ARCHS_STANDARD_32_BIT)",
				);
				"CODE_SIGN_IDENTITY[sdk=iphoneos*]" = "iPhone Developer";
				COPY_PHASE_STRIP = NO;
				GCC_C_LANGUAGE_STANDARD = gnu99;
				GCC_DYNAMIC_NO_PIC = NO;
				GCC_OPTIMIZATION_LEVEL = 0;
				GCC_PREPROCESSOR_DEFINITIONS = (
					"DEBUG=1",
					"$(inherited)",
				);
				GCC_SYMBOLS_PRIVATE_EXTERN = NO;
				GCC_VERSION = com.apple.compilers.llvm.clang.1_0;
				GCC_WARN_ABOUT_RETURN_TYPE = YES;
				GCC_WARN_UNINITIALIZED_AUTOS = YES;
				GCC_WARN_UNUSED_VARIABLE = YES;
				IPHONEOS_DEPLOYMENT_TARGET = 3.0;
				SDKROOT = iphoneos;
			};
			name = Debug;
		};
		7904EC01158A5D0800C9A122 /* Release */ = {
			isa = XCBuildConfiguration;
			buildSettings = {
				ALWAYS_SEARCH_USER_PATHS = NO;
				ARCHS = (
					armv6,
					"$(ARCHS_STANDARD_32_BIT)",
				);
				"CODE_SIGN_IDENTITY[sdk=iphoneos*]" = "iPhone Developer";
				COPY_PHASE_STRIP = YES;
				GCC_C_LANGUAGE_STANDARD = gnu99;
				GCC_VERSION = com.apple.compilers.llvm.clang.1_0;
				GCC_WARN_ABOUT_RETURN_TYPE = YES;
				GCC_WARN_UNINITIALIZED_AUTOS = YES;
				GCC_WARN_UNUSED_VARIABLE = YES;
				IPHONEOS_DEPLOYMENT_TARGET = 3.0;
				SDKROOT = iphoneos;
				VALIDATE_PRODUCT = YES;
			};
			name = Release;
		};
		7904EC03158A5D0800C9A122 /* Debug */ = {
			isa = XCBuildConfiguration;
			buildSettings = {
				ALWAYS_SEARCH_USER_PATHS = YES;
				COPY_PHASE_STRIP = NO;
				FRAMEWORK_SEARCH_PATHS = /Users/Shared/Cordova/Frameworks;
				GCC_DYNAMIC_NO_PIC = NO;
				GCC_PRECOMPILE_PREFIX_HEADER = YES;
				GCC_PREFIX_HEADER = "ScrollTest/ScrollTest-Prefix.pch";
				GCC_PREPROCESSOR_DEFINITIONS = (
					"DEBUG=1,",
					"CORDOVA_FRAMEWORK=1",
				);
				INFOPLIST_FILE = "ScrollTest/ScrollTest-Info.plist";
				OTHER_LDFLAGS = (
					"-weak_framework",
					UIKit,
					"-weak_framework",
					AVFoundation,
					"-weak_framework",
					CoreMedia,
					"-weak-lSystem",
				);
				PRODUCT_NAME = "$(TARGET_NAME)";
				TARGETED_DEVICE_FAMILY = "1,2";
				WRAPPER_EXTENSION = app;
			};
			name = Debug;
		};
		7904EC04158A5D0800C9A122 /* Release */ = {
			isa = XCBuildConfiguration;
			buildSettings = {
				ALWAYS_SEARCH_USER_PATHS = YES;
				COPY_PHASE_STRIP = YES;
				DEBUG_INFORMATION_FORMAT = "dwarf-with-dsym";
				FRAMEWORK_SEARCH_PATHS = /Users/Shared/Cordova/Frameworks;
				GCC_PRECOMPILE_PREFIX_HEADER = YES;
				GCC_PREFIX_HEADER = "ScrollTest/ScrollTest-Prefix.pch";
				GCC_PREPROCESSOR_DEFINITIONS = (
					"NDEBUG=1,",
					"CORDOVA_FRAMEWORK=1",
				);
				INFOPLIST_FILE = "ScrollTest/ScrollTest-Info.plist";
				OTHER_LDFLAGS = (
					"-weak_framework",
					UIKit,
					"-weak_framework",
					AVFoundation,
					"-weak_framework",
					CoreMedia,
					"-weak-lSystem",
				);
				PRODUCT_NAME = "$(TARGET_NAME)";
				TARGETED_DEVICE_FAMILY = "1,2";
				VALIDATE_PRODUCT = YES;
				WRAPPER_EXTENSION = app;
			};
			name = Release;
		};
/* End XCBuildConfiguration section */

/* Begin XCConfigurationList section */
		7904EBA1158A5D0700C9A122 /* Build configuration list for PBXProject "ScrollTest" */ = {
			isa = XCConfigurationList;
			buildConfigurations = (
				7904EC00158A5D0800C9A122 /* Debug */,
				7904EC01158A5D0800C9A122 /* Release */,
			);
			defaultConfigurationIsVisible = 0;
			defaultConfigurationName = Release;
		};
		7904EC02158A5D0800C9A122 /* Build configuration list for PBXNativeTarget "ScrollTest" */ = {
			isa = XCConfigurationList;
			buildConfigurations = (
				7904EC03158A5D0800C9A122 /* Debug */,
				7904EC04158A5D0800C9A122 /* Release */,
			);
			defaultConfigurationIsVisible = 0;
		};
/* End XCConfigurationList section */
	};
	rootObject = 7904EB9E158A5D0700C9A122 /* Project object */;
}
